
Microsoft Visual Studio Solution File, Format Version 12.00
# Visual Studio 15
VisualStudioVersion = 15.0.27428.2037
MinimumVisualStudioVersion = 10.0.40219.1
Project("{FAE04EC0-301F-11D3-BF4B-00C04F79EFBC}") = "XamLogo.Android", "XamLogo\XamLogo.Android\XamLogo.Android.csproj", "{65F1E3F2-AFD6-43C3-8DAA-4BF865AD5D57}"
EndProject
Project("{FAE04EC0-301F-11D3-BF4B-00C04F79EFBC}") = "XamLogo.iOS", "XamLogo\XamLogo.iOS\XamLogo.iOS.csproj", "{80E93F90-1160-406C-8632-8A6D8D6A7CE2}"
EndProject
Project("{FAE04EC0-301F-11D3-BF4B-00C04F79EFBC}") = "XamLogo.UWP", "XamLogo\XamLogo.UWP\XamLogo.UWP.csproj", "{76CE22C2-8C97-4E7B-97D2-FDD0DE71838B}"
EndProject
Project("{9A19103F-16F7-4668-BE54-9A1E7A4F7556}") = "XamLogo", "XamLogo\XamLogo\XamLogo.csproj", "{EE5D2F28-5064-44E8-BD08-B7108ACBBC69}"
EndProject
Global
	GlobalSection(SolutionConfigurationPlatforms) = preSolution
		Ad-Hoc|Any CPU = Ad-Hoc|Any CPU
		Ad-Hoc|ARM = Ad-Hoc|ARM
		Ad-Hoc|iPhone = Ad-Hoc|iPhone
		Ad-Hoc|iPhoneSimulator = Ad-Hoc|iPhoneSimulator
		Ad-Hoc|x64 = Ad-Hoc|x64
		Ad-Hoc|x86 = Ad-Hoc|x86
		AppStore|Any CPU = AppStore|Any CPU
		AppStore|ARM = AppStore|ARM
		AppStore|iPhone = AppStore|iPhone
		AppStore|iPhoneSimulator = AppStore|iPhoneSimulator
		AppStore|x64 = AppStore|x64
		AppStore|x86 = AppStore|x86
		Debug|Any CPU = Debug|Any CPU
		Debug|ARM = Debug|ARM
		Debug|iPhone = Debug|iPhone
		Debug|iPhoneSimulator = Debug|iPhoneSimulator
		Debug|x64 = Debug|x64
		Debug|x86 = Debug|x86
		Release|Any CPU = Release|Any CPU
		Release|ARM = Release|ARM
		Release|iPhone = Release|iPhone
		Release|iPhoneSimulator = Release|iPhoneSimulator
		Release|x64 = Release|x64
		Release|x86 = Release|x86
	EndGlobalSection
	GlobalSection(ProjectConfigurationPlatforms) = postSolution
		{65F1E3F2-AFD6-43C3-8DAA-4BF865AD5D57}.Ad-Hoc|Any CPU.ActiveCfg = Release|Any CPU
		{65F1E3F2-AFD6-43C3-8DAA-4BF865AD5D57}.Ad-Hoc|Any CPU.Build.0 = Release|Any CPU
		{65F1E3F2-AFD6-43C3-8DAA-4BF865AD5D57}.Ad-Hoc|Any CPU.Deploy.0 = Release|Any CPU
		{65F1E3F2-AFD6-43C3-8DAA-4BF865AD5D57}.Ad-Hoc|ARM.ActiveCfg = Release|Any CPU
		{65F1E3F2-AFD6-43C3-8DAA-4BF865AD5D57}.Ad-Hoc|ARM.Build.0 = Release|Any CPU
		{65F1E3F2-AFD6-43C3-8DAA-4BF865AD5D57}.Ad-Hoc|ARM.Deploy.0 = Release|Any CPU
		{65F1E3F2-AFD6-43C3-8DAA-4BF865AD5D57}.Ad-Hoc|iPhone.ActiveCfg = Release|Any CPU
		{65F1E3F2-AFD6-43C3-8DAA-4BF865AD5D57}.Ad-Hoc|iPhone.Build.0 = Release|Any CPU
		{65F1E3F2-AFD6-43C3-8DAA-4BF865AD5D57}.Ad-Hoc|iPhone.Deploy.0 = Release|Any CPU
		{65F1E3F2-AFD6-43C3-8DAA-4BF865AD5D57}.Ad-Hoc|iPhoneSimulator.ActiveCfg = Release|Any CPU
		{65F1E3F2-AFD6-43C3-8DAA-4BF865AD5D57}.Ad-Hoc|iPhoneSimulator.Build.0 = Release|Any CPU
		{65F1E3F2-AFD6-43C3-8DAA-4BF865AD5D57}.Ad-Hoc|iPhoneSimulator.Deploy.0 = Release|Any CPU
		{65F1E3F2-AFD6-43C3-8DAA-4BF865AD5D57}.Ad-Hoc|x64.ActiveCfg = Release|Any CPU
		{65F1E3F2-AFD6-43C3-8DAA-4BF865AD5D57}.Ad-Hoc|x64.Build.0 = Release|Any CPU
		{65F1E3F2-AFD6-43C3-8DAA-4BF865AD5D57}.Ad-Hoc|x64.Deploy.0 = Release|Any CPU
		{65F1E3F2-AFD6-43C3-8DAA-4BF865AD5D57}.Ad-Hoc|x86.ActiveCfg = Release|Any CPU
		{65F1E3F2-AFD6-43C3-8DAA-4BF865AD5D57}.Ad-Hoc|x86.Build.0 = Release|Any CPU
		{65F1E3F2-AFD6-43C3-8DAA-4BF865AD5D57}.Ad-Hoc|x86.Deploy.0 = Release|Any CPU
		{65F1E3F2-AFD6-43C3-8DAA-4BF865AD5D57}.AppStore|Any CPU.ActiveCfg = Release|Any CPU
		{65F1E3F2-AFD6-43C3-8DAA-4BF865AD5D57}.AppStore|Any CPU.Build.0 = Release|Any CPU
		{65F1E3F2-AFD6-43C3-8DAA-4BF865AD5D57}.AppStore|Any CPU.Deploy.0 = Release|Any CPU
		{65F1E3F2-AFD6-43C3-8DAA-4BF865AD5D57}.AppStore|ARM.ActiveCfg = Release|Any CPU
		{65F1E3F2-AFD6-43C3-8DAA-4BF865AD5D57}.AppStore|ARM.Build.0 = Release|Any CPU
		{65F1E3F2-AFD6-43C3-8DAA-4BF865AD5D57}.AppStore|ARM.Deploy.0 = Release|Any CPU
		{65F1E3F2-AFD6-43C3-8DAA-4BF865AD5D57}.AppStore|iPhone.ActiveCfg = Release|Any CPU
		{65F1E3F2-AFD6-43C3-8DAA-4BF865AD5D57}.AppStore|iPhone.Build.0 = Release|Any CPU
		{65F1E3F2-AFD6-43C3-8DAA-4BF865AD5D57}.AppStore|iPhone.Deploy.0 = Release|Any CPU
		{65F1E3F2-AFD6-43C3-8DAA-4BF865AD5D57}.AppStore|iPhoneSimulator.ActiveCfg = Release|Any CPU
		{65F1E3F2-AFD6-43C3-8DAA-4BF865AD5D57}.AppStore|iPhoneSimulator.Build.0 = Release|Any CPU
		{65F1E3F2-AFD6-43C3-8DAA-4BF865AD5D57}.AppStore|iPhoneSimulator.Deploy.0 = Release|Any CPU
		{65F1E3F2-AFD6-43C3-8DAA-4BF865AD5D57}.AppStore|x64.ActiveCfg = Release|Any CPU
		{65F1E3F2-AFD6-43C3-8DAA-4BF865AD5D57}.AppStore|x64.Build.0 = Release|Any CPU
		{65F1E3F2-AFD6-43C3-8DAA-4BF865AD5D57}.AppStore|x64.Deploy.0 = Release|Any CPU
		{65F1E3F2-AFD6-43C3-8DAA-4BF865AD5D57}.AppStore|x86.ActiveCfg = Release|Any CPU
		{65F1E3F2-AFD6-43C3-8DAA-4BF865AD5D57}.AppStore|x86.Build.0 = Release|Any CPU
		{65F1E3F2-AFD6-43C3-8DAA-4BF865AD5D57}.AppStore|x86.Deploy.0 = Release|Any CPU
		{65F1E3F2-AFD6-43C3-8DAA-4BF865AD5D57}.Debug|Any CPU.ActiveCfg = Debug|Any CPU
		{65F1E3F2-AFD6-43C3-8DAA-4BF865AD5D57}.Debug|Any CPU.Build.0 = Debug|Any CPU
		{65F1E3F2-AFD6-43C3-8DAA-4BF865AD5D57}.Debug|Any CPU.Deploy.0 = Debug|Any CPU
		{65F1E3F2-AFD6-43C3-8DAA-4BF865AD5D57}.Debug|ARM.ActiveCfg = Debug|Any CPU
		{65F1E3F2-AFD6-43C3-8DAA-4BF865AD5D57}.Debug|ARM.Build.0 = Debug|Any CPU
		{65F1E3F2-AFD6-43C3-8DAA-4BF865AD5D57}.Debug|ARM.Deploy.0 = Debug|Any CPU
		{65F1E3F2-AFD6-43C3-8DAA-4BF865AD5D57}.Debug|iPhone.ActiveCfg = Debug|Any CPU
		{65F1E3F2-AFD6-43C3-8DAA-4BF865AD5D57}.Debug|iPhone.Build.0 = Debug|Any CPU
		{65F1E3F2-AFD6-43C3-8DAA-4BF865AD5D57}.Debug|iPhone.Deploy.0 = Debug|Any CPU
		{65F1E3F2-AFD6-43C3-8DAA-4BF865AD5D57}.Debug|iPhoneSimulator.ActiveCfg = Debug|Any CPU
		{65F1E3F2-AFD6-43C3-8DAA-4BF865AD5D57}.Debug|iPhoneSimulator.Build.0 = Debug|Any CPU
		{65F1E3F2-AFD6-43C3-8DAA-4BF865AD5D57}.Debug|iPhoneSimulator.Deploy.0 = Debug|Any CPU
		{65F1E3F2-AFD6-43C3-8DAA-4BF865AD5D57}.Debug|x64.ActiveCfg = Debug|Any CPU
		{65F1E3F2-AFD6-43C3-8DAA-4BF865AD5D57}.Debug|x64.Build.0 = Debug|Any CPU
		{65F1E3F2-AFD6-43C3-8DAA-4BF865AD5D57}.Debug|x64.Deploy.0 = Debug|Any CPU
		{65F1E3F2-AFD6-43C3-8DAA-4BF865AD5D57}.Debug|x86.ActiveCfg = Debug|Any CPU
		{65F1E3F2-AFD6-43C3-8DAA-4BF865AD5D57}.Debug|x86.Build.0 = Debug|Any CPU
		{65F1E3F2-AFD6-43C3-8DAA-4BF865AD5D57}.Debug|x86.Deploy.0 = Debug|Any CPU
		{65F1E3F2-AFD6-43C3-8DAA-4BF865AD5D57}.Release|Any CPU.ActiveCfg = Release|Any CPU
		{65F1E3F2-AFD6-43C3-8DAA-4BF865AD5D57}.Release|Any CPU.Build.0 = Release|Any CPU
		{65F1E3F2-AFD6-43C3-8DAA-4BF865AD5D57}.Release|Any CPU.Deploy.0 = Release|Any CPU
		{65F1E3F2-AFD6-43C3-8DAA-4BF865AD5D57}.Release|ARM.ActiveCfg = Release|Any CPU
		{65F1E3F2-AFD6-43C3-8DAA-4BF865AD5D57}.Release|ARM.Build.0 = Release|Any CPU
		{65F1E3F2-AFD6-43C3-8DAA-4BF865AD5D57}.Release|ARM.Deploy.0 = Release|Any CPU
		{65F1E3F2-AFD6-43C3-8DAA-4BF865AD5D57}.Release|iPhone.ActiveCfg = Release|Any CPU
		{65F1E3F2-AFD6-43C3-8DAA-4BF865AD5D57}.Release|iPhone.Build.0 = Release|Any CPU
		{65F1E3F2-AFD6-43C3-8DAA-4BF865AD5D57}.Release|iPhone.Deploy.0 = Release|Any CPU
		{65F1E3F2-AFD6-43C3-8DAA-4BF865AD5D57}.Release|iPhoneSimulator.ActiveCfg = Release|Any CPU
		{65F1E3F2-AFD6-43C3-8DAA-4BF865AD5D57}.Release|iPhoneSimulator.Build.0 = Release|Any CPU
		{65F1E3F2-AFD6-43C3-8DAA-4BF865AD5D57}.Release|iPhoneSimulator.Deploy.0 = Release|Any CPU
		{65F1E3F2-AFD6-43C3-8DAA-4BF865AD5D57}.Release|x64.ActiveCfg = Release|Any CPU
		{65F1E3F2-AFD6-43C3-8DAA-4BF865AD5D57}.Release|x64.Build.0 = Release|Any CPU
		{65F1E3F2-AFD6-43C3-8DAA-4BF865AD5D57}.Release|x64.Deploy.0 = Release|Any CPU
		{65F1E3F2-AFD6-43C3-8DAA-4BF865AD5D57}.Release|x86.ActiveCfg = Release|Any CPU
		{65F1E3F2-AFD6-43C3-8DAA-4BF865AD5D57}.Release|x86.Build.0 = Release|Any CPU
		{65F1E3F2-AFD6-43C3-8DAA-4BF865AD5D57}.Release|x86.Deploy.0 = Release|Any CPU
		{80E93F90-1160-406C-8632-8A6D8D6A7CE2}.Ad-Hoc|Any CPU.ActiveCfg = Ad-Hoc|iPhone
		{80E93F90-1160-406C-8632-8A6D8D6A7CE2}.Ad-Hoc|ARM.ActiveCfg = Ad-Hoc|iPhone
		{80E93F90-1160-406C-8632-8A6D8D6A7CE2}.Ad-Hoc|iPhone.ActiveCfg = Ad-Hoc|iPhone
		{80E93F90-1160-406C-8632-8A6D8D6A7CE2}.Ad-Hoc|iPhone.Build.0 = Ad-Hoc|iPhone
		{80E93F90-1160-406C-8632-8A6D8D6A7CE2}.Ad-Hoc|iPhoneSimulator.ActiveCfg = Ad-Hoc|iPhoneSimulator
		{80E93F90-1160-406C-8632-8A6D8D6A7CE2}.Ad-Hoc|iPhoneSimulator.Build.0 = Ad-Hoc|iPhoneSimulator
		{80E93F90-1160-406C-8632-8A6D8D6A7CE2}.Ad-Hoc|x64.ActiveCfg = Ad-Hoc|iPhone
		{80E93F90-1160-406C-8632-8A6D8D6A7CE2}.Ad-Hoc|x86.ActiveCfg = Ad-Hoc|iPhone
		{80E93F90-1160-406C-8632-8A6D8D6A7CE2}.AppStore|Any CPU.ActiveCfg = AppStore|iPhone
		{80E93F90-1160-406C-8632-8A6D8D6A7CE2}.AppStore|ARM.ActiveCfg = AppStore|iPhone
		{80E93F90-1160-406C-8632-8A6D8D6A7CE2}.AppStore|iPhone.ActiveCfg = AppStore|iPhone
		{80E93F90-1160-406C-8632-8A6D8D6A7CE2}.AppStore|iPhone.Build.0 = AppStore|iPhone
		{80E93F90-1160-406C-8632-8A6D8D6A7CE2}.AppStore|iPhoneSimulator.ActiveCfg = AppStore|iPhoneSimulator
		{80E93F90-1160-406C-8632-8A6D8D6A7CE2}.AppStore|iPhoneSimulator.Build.0 = AppStore|iPhoneSimulator
		{80E93F90-1160-406C-8632-8A6D8D6A7CE2}.AppStore|x64.ActiveCfg = AppStore|iPhone
		{80E93F90-1160-406C-8632-8A6D8D6A7CE2}.AppStore|x86.ActiveCfg = AppStore|iPhone
		{80E93F90-1160-406C-8632-8A6D8D6A7CE2}.Debug|Any CPU.ActiveCfg = Debug|iPhone
		{80E93F90-1160-406C-8632-8A6D8D6A7CE2}.Debug|ARM.ActiveCfg = Debug|iPhone
		{80E93F90-1160-406C-8632-8A6D8D6A7CE2}.Debug|iPhone.ActiveCfg = Debug|iPhone
		{80E93F90-1160-406C-8632-8A6D8D6A7CE2}.Debug|iPhone.Build.0 = Debug|iPhone
		{80E93F90-1160-406C-8632-8A6D8D6A7CE2}.Debug|iPhoneSimulator.ActiveCfg = Debug|iPhoneSimulator
		{80E93F90-1160-406C-8632-8A6D8D6A7CE2}.Debug|iPhoneSimulator.Build.0 = Debug|iPhoneSimulator
		{80E93F90-1160-406C-8632-8A6D8D6A7CE2}.Debug|x64.ActiveCfg = Debug|iPhone
		{80E93F90-1160-406C-8632-8A6D8D6A7CE2}.Debug|x86.ActiveCfg = Debug|iPhone
		{80E93F90-1160-406C-8632-8A6D8D6A7CE2}.Release|Any CPU.ActiveCfg = Release|iPhone
		{80E93F90-1160-406C-8632-8A6D8D6A7CE2}.Release|ARM.ActiveCfg = Release|iPhone
		{80E93F90-1160-406C-8632-8A6D8D6A7CE2}.Release|iPhone.ActiveCfg = Release|iPhone
		{80E93F90-1160-406C-8632-8A6D8D6A7CE2}.Release|iPhone.Build.0 = Release|iPhone
		{80E93F90-1160-406C-8632-8A6D8D6A7CE2}.Release|iPhoneSimulator.ActiveCfg = Release|iPhoneSimulator
		{80E93F90-1160-406C-8632-8A6D8D6A7CE2}.Release|iPhoneSimulator.Build.0 = Release|iPhoneSimulator
		{80E93F90-1160-406C-8632-8A6D8D6A7CE2}.Release|x64.ActiveCfg = Release|iPhone
		{80E93F90-1160-406C-8632-8A6D8D6A7CE2}.Release|x86.ActiveCfg = Release|iPhone
		{76CE22C2-8C97-4E7B-97D2-FDD0DE71838B}.Ad-Hoc|Any CPU.ActiveCfg = Release|x86
		{76CE22C2-8C97-4E7B-97D2-FDD0DE71838B}.Ad-Hoc|Any CPU.Build.0 = Release|x86
		{76CE22C2-8C97-4E7B-97D2-FDD0DE71838B}.Ad-Hoc|Any CPU.Deploy.0 = Release|x86
		{76CE22C2-8C97-4E7B-97D2-FDD0DE71838B}.Ad-Hoc|ARM.ActiveCfg = Release|ARM
		{76CE22C2-8C97-4E7B-97D2-FDD0DE71838B}.Ad-Hoc|ARM.Build.0 = Release|ARM
		{76CE22C2-8C97-4E7B-97D2-FDD0DE71838B}.Ad-Hoc|ARM.Deploy.0 = Release|ARM
		{76CE22C2-8C97-4E7B-97D2-FDD0DE71838B}.Ad-Hoc|iPhone.ActiveCfg = Release|x86
		{76CE22C2-8C97-4E7B-97D2-FDD0DE71838B}.Ad-Hoc|iPhone.Build.0 = Release|x86
		{76CE22C2-8C97-4E7B-97D2-FDD0DE71838B}.Ad-Hoc|iPhone.Deploy.0 = Release|x86
		{76CE22C2-8C97-4E7B-97D2-FDD0DE71838B}.Ad-Hoc|iPhoneSimulator.ActiveCfg = Release|x86
		{76CE22C2-8C97-4E7B-97D2-FDD0DE71838B}.Ad-Hoc|iPhoneSimulator.Build.0 = Release|x86
		{76CE22C2-8C97-4E7B-97D2-FDD0DE71838B}.Ad-Hoc|iPhoneSimulator.Deploy.0 = Release|x86
		{76CE22C2-8C97-4E7B-97D2-FDD0DE71838B}.Ad-Hoc|x64.ActiveCfg = Release|x64
		{76CE22C2-8C97-4E7B-97D2-FDD0DE71838B}.Ad-Hoc|x64.Build.0 = Release|x64
		{76CE22C2-8C97-4E7B-97D2-FDD0DE71838B}.Ad-Hoc|x64.Deploy.0 = Release|x64
		{76CE22C2-8C97-4E7B-97D2-FDD0DE71838B}.Ad-Hoc|x86.ActiveCfg = Release|x86
		{76CE22C2-8C97-4E7B-97D2-FDD0DE71838B}.Ad-Hoc|x86.Build.0 = Release|x86
		{76CE22C2-8C97-4E7B-97D2-FDD0DE71838B}.Ad-Hoc|x86.Deploy.0 = Release|x86
		{76CE22C2-8C97-4E7B-97D2-FDD0DE71838B}.AppStore|Any CPU.ActiveCfg = Release|x86
		{76CE22C2-8C97-4E7B-97D2-FDD0DE71838B}.AppStore|Any CPU.Build.0 = Release|x86
		{76CE22C2-8C97-4E7B-97D2-FDD0DE71838B}.AppStore|Any CPU.Deploy.0 = Release|x86
		{76CE22C2-8C97-4E7B-97D2-FDD0DE71838B}.AppStore|ARM.ActiveCfg = Release|ARM
		{76CE22C2-8C97-4E7B-97D2-FDD0DE71838B}.AppStore|ARM.Build.0 = Release|ARM
		{76CE22C2-8C97-4E7B-97D2-FDD0DE71838B}.AppStore|ARM.Deploy.0 = Release|ARM
		{76CE22C2-8C97-4E7B-97D2-FDD0DE71838B}.AppStore|iPhone.ActiveCfg = Release|x86
		{76CE22C2-8C97-4E7B-97D2-FDD0DE71838B}.AppStore|iPhone.Build.0 = Release|x86
		{76CE22C2-8C97-4E7B-97D2-FDD0DE71838B}.AppStore|iPhone.Deploy.0 = Release|x86
		{76CE22C2-8C97-4E7B-97D2-FDD0DE71838B}.AppStore|iPhoneSimulator.ActiveCfg = Release|x86
		{76CE22C2-8C97-4E7B-97D2-FDD0DE71838B}.AppStore|iPhoneSimulator.Build.0 = Release|x86
		{76CE22C2-8C97-4E7B-97D2-FDD0DE71838B}.AppStore|iPhoneSimulator.Deploy.0 = Release|x86
		{76CE22C2-8C97-4E7B-97D2-FDD0DE71838B}.AppStore|x64.ActiveCfg = Release|x64
		{76CE22C2-8C97-4E7B-97D2-FDD0DE71838B}.AppStore|x64.Build.0 = Release|x64
		{76CE22C2-8C97-4E7B-97D2-FDD0DE71838B}.AppStore|x64.Deploy.0 = Release|x64
		{76CE22C2-8C97-4E7B-97D2-FDD0DE71838B}.AppStore|x86.ActiveCfg = Release|x86
		{76CE22C2-8C97-4E7B-97D2-FDD0DE71838B}.AppStore|x86.Build.0 = Release|x86
		{76CE22C2-8C97-4E7B-97D2-FDD0DE71838B}.AppStore|x86.Deploy.0 = Release|x86
		{76CE22C2-8C97-4E7B-97D2-FDD0DE71838B}.Debug|Any CPU.ActiveCfg = Debug|x86
		{76CE22C2-8C97-4E7B-97D2-FDD0DE71838B}.Debug|Any CPU.Build.0 = Debug|x86
		{76CE22C2-8C97-4E7B-97D2-FDD0DE71838B}.Debug|Any CPU.Deploy.0 = Debug|x86
		{76CE22C2-8C97-4E7B-97D2-FDD0DE71838B}.Debug|ARM.ActiveCfg = Debug|ARM
		{76CE22C2-8C97-4E7B-97D2-FDD0DE71838B}.Debug|ARM.Build.0 = Debug|ARM
		{76CE22C2-8C97-4E7B-97D2-FDD0DE71838B}.Debug|ARM.Deploy.0 = Debug|ARM
		{76CE22C2-8C97-4E7B-97D2-FDD0DE71838B}.Debug|iPhone.ActiveCfg = Debug|x86
		{76CE22C2-8C97-4E7B-97D2-FDD0DE71838B}.Debug|iPhoneSimulator.ActiveCfg = Debug|x86
		{76CE22C2-8C97-4E7B-97D2-FDD0DE71838B}.Debug|x64.ActiveCfg = Debug|x64
		{76CE22C2-8C97-4E7B-97D2-FDD0DE71838B}.Debug|x64.Build.0 = Debug|x64
		{76CE22C2-8C97-4E7B-97D2-FDD0DE71838B}.Debug|x64.Deploy.0 = Debug|x64
		{76CE22C2-8C97-4E7B-97D2-FDD0DE71838B}.Debug|x86.ActiveCfg = Debug|x86
		{76CE22C2-8C97-4E7B-97D2-FDD0DE71838B}.Debug|x86.Build.0 = Debug|x86
		{76CE22C2-8C97-4E7B-97D2-FDD0DE71838B}.Debug|x86.Deploy.0 = Debug|x86
		{76CE22C2-8C97-4E7B-97D2-FDD0DE71838B}.Release|Any CPU.ActiveCfg = Release|x86
		{76CE22C2-8C97-4E7B-97D2-FDD0DE71838B}.Release|ARM.ActiveCfg = Release|ARM
		{76CE22C2-8C97-4E7B-97D2-FDD0DE71838B}.Release|ARM.Build.0 = Release|ARM
		{76CE22C2-8C97-4E7B-97D2-FDD0DE71838B}.Release|ARM.Deploy.0 = Release|ARM
		{76CE22C2-8C97-4E7B-97D2-FDD0DE71838B}.Release|iPhone.ActiveCfg = Release|x86
		{76CE22C2-8C97-4E7B-97D2-FDD0DE71838B}.Release|iPhoneSimulator.ActiveCfg = Release|x86
		{76CE22C2-8C97-4E7B-97D2-FDD0DE71838B}.Release|x64.ActiveCfg = Release|x64
		{76CE22C2-8C97-4E7B-97D2-FDD0DE71838B}.Release|x64.Build.0 = Release|x64
		{76CE22C2-8C97-4E7B-97D2-FDD0DE71838B}.Release|x64.Deploy.0 = Release|x64
		{76CE22C2-8C97-4E7B-97D2-FDD0DE71838B}.Release|x86.ActiveCfg = Release|x86
		{76CE22C2-8C97-4E7B-97D2-FDD0DE71838B}.Release|x86.Build.0 = Release|x86
		{76CE22C2-8C97-4E7B-97D2-FDD0DE71838B}.Release|x86.Deploy.0 = Release|x86
		{EE5D2F28-5064-44E8-BD08-B7108ACBBC69}.Ad-Hoc|Any CPU.ActiveCfg = Debug|Any CPU
		{EE5D2F28-5064-44E8-BD08-B7108ACBBC69}.Ad-Hoc|Any CPU.Build.0 = Debug|Any CPU
		{EE5D2F28-5064-44E8-BD08-B7108ACBBC69}.Ad-Hoc|ARM.ActiveCfg = Debug|Any CPU
		{EE5D2F28-5064-44E8-BD08-B7108ACBBC69}.Ad-Hoc|ARM.Build.0 = Debug|Any CPU
		{EE5D2F28-5064-44E8-BD08-B7108ACBBC69}.Ad-Hoc|iPhone.ActiveCfg = Debug|Any CPU
		{EE5D2F28-5064-44E8-BD08-B7108ACBBC69}.Ad-Hoc|iPhone.Build.0 = Debug|Any CPU
		{EE5D2F28-5064-44E8-BD08-B7108ACBBC69}.Ad-Hoc|iPhoneSimulator.ActiveCfg = Debug|Any CPU
		{EE5D2F28-5064-44E8-BD08-B7108ACBBC69}.Ad-Hoc|iPhoneSimulator.Build.0 = Debug|Any CPU
		{EE5D2F28-5064-44E8-BD08-B7108ACBBC69}.Ad-Hoc|x64.ActiveCfg = Debug|Any CPU
		{EE5D2F28-5064-44E8-BD08-B7108ACBBC69}.Ad-Hoc|x64.Build.0 = Debug|Any CPU
		{EE5D2F28-5064-44E8-BD08-B7108ACBBC69}.Ad-Hoc|x86.ActiveCfg = Debug|Any CPU
		{EE5D2F28-5064-44E8-BD08-B7108ACBBC69}.Ad-Hoc|x86.Build.0 = Debug|Any CPU
		{EE5D2F28-5064-44E8-BD08-B7108ACBBC69}.AppStore|Any CPU.ActiveCfg = Debug|Any CPU
		{EE5D2F28-5064-44E8-BD08-B7108ACBBC69}.AppStore|Any CPU.Build.0 = Debug|Any CPU
		{EE5D2F28-5064-44E8-BD08-B7108ACBBC69}.AppStore|ARM.ActiveCfg = Debug|Any CPU
		{EE5D2F28-5064-44E8-BD08-B7108ACBBC69}.AppStore|ARM.Build.0 = Debug|Any CPU
		{EE5D2F28-5064-44E8-BD08-B7108ACBBC69}.AppStore|iPhone.ActiveCfg = Debug|Any CPU
		{EE5D2F28-5064-44E8-BD08-B7108ACBBC69}.AppStore|iPhone.Build.0 = Debug|Any CPU
		{EE5D2F28-5064-44E8-BD08-B7108ACBBC69}.AppStore|iPhoneSimulator.ActiveCfg = Debug|Any CPU
		{EE5D2F28-5064-44E8-BD08-B7108ACBBC69}.AppStore|iPhoneSimulator.Build.0 = Debug|Any CPU
		{EE5D2F28-5064-44E8-BD08-B7108ACBBC69}.AppStore|x64.ActiveCfg = Debug|Any CPU
		{EE5D2F28-5064-44E8-BD08-B7108ACBBC69}.AppStore|x64.Build.0 = Debug|Any CPU
		{EE5D2F28-5064-44E8-BD08-B7108ACBBC69}.AppStore|x86.ActiveCfg = Debug|Any CPU
		{EE5D2F28-5064-44E8-BD08-B7108ACBBC69}.AppStore|x86.Build.0 = Debug|Any CPU
		{EE5D2F28-5064-44E8-BD08-B7108ACBBC69}.Debug|Any CPU.ActiveCfg = Debug|Any CPU
		{EE5D2F28-5064-44E8-BD08-B7108ACBBC69}.Debug|Any CPU.Build.0 = Debug|Any CPU
		{EE5D2F28-5064-44E8-BD08-B7108ACBBC69}.Debug|ARM.ActiveCfg = Debug|Any CPU
		{EE5D2F28-5064-44E8-BD08-B7108ACBBC69}.Debug|ARM.Build.0 = Debug|Any CPU
		{EE5D2F28-5064-44E8-BD08-B7108ACBBC69}.Debug|iPhone.ActiveCfg = Debug|Any CPU
		{EE5D2F28-5064-44E8-BD08-B7108ACBBC69}.Debug|iPhone.Build.0 = Debug|Any CPU
		{EE5D2F28-5064-44E8-BD08-B7108ACBBC69}.Debug|iPhoneSimulator.ActiveCfg = Debug|Any CPU
		{EE5D2F28-5064-44E8-BD08-B7108ACBBC69}.Debug|iPhoneSimulator.Build.0 = Debug|Any CPU
		{EE5D2F28-5064-44E8-BD08-B7108ACBBC69}.Debug|x64.ActiveCfg = Debug|Any CPU
		{EE5D2F28-5064-44E8-BD08-B7108ACBBC69}.Debug|x64.Build.0 = Debug|Any CPU
		{EE5D2F28-5064-44E8-BD08-B7108ACBBC69}.Debug|x86.ActiveCfg = Debug|Any CPU
		{EE5D2F28-5064-44E8-BD08-B7108ACBBC69}.Debug|x86.Build.0 = Debug|Any CPU
		{EE5D2F28-5064-44E8-BD08-B7108ACBBC69}.Release|Any CPU.ActiveCfg = Release|Any CPU
		{EE5D2F28-5064-44E8-BD08-B7108ACBBC69}.Release|Any CPU.Build.0 = Release|Any CPU
		{EE5D2F28-5064-44E8-BD08-B7108ACBBC69}.Release|ARM.ActiveCfg = Release|Any CPU
		{EE5D2F28-5064-44E8-BD08-B7108ACBBC69}.Release|ARM.Build.0 = Release|Any CPU
		{EE5D2F28-5064-44E8-BD08-B7108ACBBC69}.Release|iPhone.ActiveCfg = Release|Any CPU
		{EE5D2F28-5064-44E8-BD08-B7108ACBBC69}.Release|iPhone.Build.0 = Release|Any CPU
		{EE5D2F28-5064-44E8-BD08-B7108ACBBC69}.Release|iPhoneSimulator.ActiveCfg = Release|Any CPU
		{EE5D2F28-5064-44E8-BD08-B7108ACBBC69}.Release|iPhoneSimulator.Build.0 = Release|Any CPU
		{EE5D2F28-5064-44E8-BD08-B7108ACBBC69}.Release|x64.ActiveCfg = Release|Any CPU
		{EE5D2F28-5064-44E8-BD08-B7108ACBBC69}.Release|x64.Build.0 = Release|Any CPU
		{EE5D2F28-5064-44E8-BD08-B7108ACBBC69}.Release|x86.ActiveCfg = Release|Any CPU
		{EE5D2F28-5064-44E8-BD08-B7108ACBBC69}.Release|x86.Build.0 = Release|Any CPU
	EndGlobalSection
	GlobalSection(SolutionProperties) = preSolution
		HideSolutionNode = FALSE
	EndGlobalSection
	GlobalSection(ExtensibilityGlobals) = postSolution
		SolutionGuid = {9645148C-527E-4EF4-AD32-8DD3D8A2ED9C}
	EndGlobalSection
EndGlobal
